// !$*UTF8*$!
{
	archiveVersion = 1;
	classes = {
	};
	objectVersion = 50;
	objects = {

/* Begin PBXBuildFile section */
		4158B7E322CA88ED00C20FF4 /* AppDelegate.swift in Sources */ = {isa = PBXBuildFile; fileRef = 4158B7E222CA88ED00C20FF4 /* AppDelegate.swift */; };
		4158B7E522CA88ED00C20FF4 /* ViewController.swift in Sources */ = {isa = PBXBuildFile; fileRef = 4158B7E422CA88ED00C20FF4 /* ViewController.swift */; };
		4158B7E822CA88ED00C20FF4 /* Main.storyboard in Resources */ = {isa = PBXBuildFile; fileRef = 4158B7E622CA88ED00C20FF4 /* Main.storyboard */; };
		4158B7EA22CA88EF00C20FF4 /* Assets.xcassets in Resources */ = {isa = PBXBuildFile; fileRef = 4158B7E922CA88EF00C20FF4 /* Assets.xcassets */; };
		4158B7ED22CA88EF00C20FF4 /* LaunchScreen.storyboard in Resources */ = {isa = PBXBuildFile; fileRef = 4158B7EB22CA88EF00C20FF4 /* LaunchScreen.storyboard */; };
		4158B7F822CA88EF00C20FF4 /* _048Tests.swift in Sources */ = {isa = PBXBuildFile; fileRef = 4158B7F722CA88EF00C20FF4 /* _048Tests.swift */; };
		4158B80322CA88EF00C20FF4 /* _048UITests.swift in Sources */ = {isa = PBXBuildFile; fileRef = 4158B80222CA88EF00C20FF4 /* _048UITests.swift */; };
/* End PBXBuildFile section */

/* Begin PBXContainerItemProxy section */
		4158B7F422CA88EF00C20FF4 /* PBXContainerItemProxy */ = {
			isa = PBXContainerItemProxy;
			containerPortal = 4158B7D722CA88ED00C20FF4 /* Project object */;
			proxyType = 1;
			remoteGlobalIDString = 4158B7DE22CA88ED00C20FF4;
			remoteInfo = 2048;
		};
		4158B7FF22CA88EF00C20FF4 /* PBXContainerItemProxy */ = {
			isa = PBXContainerItemProxy;
			containerPortal = 4158B7D722CA88ED00C20FF4 /* Project object */;
			proxyType = 1;
			remoteGlobalIDString = 4158B7DE22CA88ED00C20FF4;
			remoteInfo = 2048;
		};
/* End PBXContainerItemProxy section */

/* Begin PBXFileReference section */
		4158B7DF22CA88ED00C20FF4 /* 2048.app */ = {isa = PBXFileReference; explicitFileType = wrapper.application; includeInIndex = 0; path = 2048.app; sourceTree = BUILT_PRODUCTS_DIR; };
		4158B7E222CA88ED00C20FF4 /* AppDelegate.swift */ = {isa = PBXFileReference; lastKnownFileType = sourcecode.swift; path = AppDelegate.swift; sourceTree = "<group>"; };
		4158B7E422CA88ED00C20FF4 /* ViewController.swift */ = {isa = PBXFileReference; lastKnownFileType = sourcecode.swift; path = ViewController.swift; sourceTree = "<group>"; };
		4158B7E722CA88ED00C20FF4 /* Base */ = {isa = PBXFileReference; lastKnownFileType = file.storyboard; name = Base; path = Base.lproj/Main.storyboard; sourceTree = "<group>"; };
		4158B7E922CA88EF00C20FF4 /* Assets.xcassets */ = {isa = PBXFileReference; lastKnownFileType = folder.assetcatalog; path = Assets.xcassets; sourceTree = "<group>"; };
		4158B7EC22CA88EF00C20FF4 /* Base */ = {isa = PBXFileReference; lastKnownFileType = file.storyboard; name = Base; path = Base.lproj/LaunchScreen.storyboard; sourceTree = "<group>"; };
		4158B7EE22CA88EF00C20FF4 /* Info.plist */ = {isa = PBXFileReference; lastKnownFileType = text.plist.xml; path = Info.plist; sourceTree = "<group>"; };
		4158B7F322CA88EF00C20FF4 /* 2048Tests.xctest */ = {isa = PBXFileReference; explicitFileType = wrapper.cfbundle; includeInIndex = 0; path = 2048Tests.xctest; sourceTree = BUILT_PRODUCTS_DIR; };
		4158B7F722CA88EF00C20FF4 /* _048Tests.swift */ = {isa = PBXFileReference; lastKnownFileType = sourcecode.swift; path = _048Tests.swift; sourceTree = "<group>"; };
		4158B7F922CA88EF00C20FF4 /* Info.plist */ = {isa = PBXFileReference; lastKnownFileType = text.plist.xml; path = Info.plist; sourceTree = "<group>"; };
		4158B7FE22CA88EF00C20FF4 /* 2048UITests.xctest */ = {isa = PBXFileReference; explicitFileType = wrapper.cfbundle; includeInIndex = 0; path = 2048UITests.xctest; sourceTree = BUILT_PRODUCTS_DIR; };
		4158B80222CA88EF00C20FF4 /* _048UITests.swift */ = {isa = PBXFileReference; lastKnownFileType = sourcecode.swift; path = _048UITests.swift; sourceTree = "<group>"; };
		4158B80422CA88EF00C20FF4 /* Info.plist */ = {isa = PBXFileReference; lastKnownFileType = text.plist.xml; path = Info.plist; sourceTree = "<group>"; };
/* End PBXFileReference section */

/* Begin PBXFrameworksBuildPhase section */
		4158B7DC22CA88ED00C20FF4 /* Frameworks */ = {
			isa = PBXFrameworksBuildPhase;
			buildActionMask = 2147483647;
			files = (
			);
			runOnlyForDeploymentPostprocessing = 0;
		};
		4158B7F022CA88EF00C20FF4 /* Frameworks */ = {
			isa = PBXFrameworksBuildPhase;
			buildActionMask = 2147483647;
			files = (
			);
			runOnlyForDeploymentPostprocessing = 0;
		};
		4158B7FB22CA88EF00C20FF4 /* Frameworks */ = {
			isa = PBXFrameworksBuildPhase;
			buildActionMask = 2147483647;
			files = (
			);
			runOnlyForDeploymentPostprocessing = 0;
		};
/* End PBXFrameworksBuildPhase section */

/* Begin PBXGroup section */
		4158B7D622CA88ED00C20FF4 = {
			isa = PBXGroup;
			children = (
				4158B7E122CA88ED00C20FF4 /* 2048 */,
				4158B7F622CA88EF00C20FF4 /* 2048Tests */,
				4158B80122CA88EF00C20FF4 /* 2048UITests */,
				4158B7E022CA88ED00C20FF4 /* Products */,
			);
			sourceTree = "<group>";
		};
		4158B7E022CA88ED00C20FF4 /* Products */ = {
			isa = PBXGroup;
			children = (
				4158B7DF22CA88ED00C20FF4 /* 2048.app */,
				4158B7F322CA88EF00C20FF4 /* 2048Tests.xctest */,
				4158B7FE22CA88EF00C20FF4 /* 2048UITests.xctest */,
			);
			name = Products;
			sourceTree = "<group>";
		};
		4158B7E122CA88ED00C20FF4 /* 2048 */ = {
			isa = PBXGroup;
			children = (
				4158B7E222CA88ED00C20FF4 /* AppDelegate.swift */,
				4158B7E422CA88ED00C20FF4 /* ViewController.swift */,
				4158B7E622CA88ED00C20FF4 /* Main.storyboard */,
				4158B7E922CA88EF00C20FF4 /* Assets.xcassets */,
				4158B7EB22CA88EF00C20FF4 /* LaunchScreen.storyboard */,
				4158B7EE22CA88EF00C20FF4 /* Info.plist */,
			);
			path = 2048;
			sourceTree = "<group>";
		};
		4158B7F622CA88EF00C20FF4 /* 2048Tests */ = {
			isa = PBXGroup;
			children = (
				4158B7F722CA88EF00C20FF4 /* _048Tests.swift */,
				4158B7F922CA88EF00C20FF4 /* Info.plist */,
			);
			path = 2048Tests;
			sourceTree = "<group>";
		};
		4158B80122CA88EF00C20FF4 /* 2048UITests */ = {
			isa = PBXGroup;
			children = (
				4158B80222CA88EF00C20FF4 /* _048UITests.swift */,
				4158B80422CA88EF00C20FF4 /* Info.plist */,
			);
			path = 2048UITests;
			sourceTree = "<group>";
		};
/* End PBXGroup section */

/* Begin PBXNativeTarget section */
		4158B7DE22CA88ED00C20FF4 /* 2048 */ = {
			isa = PBXNativeTarget;
			buildConfigurationList = 4158B80722CA88EF00C20FF4 /* Build configuration list for PBXNativeTarget "2048" */;
			buildPhases = (
				4158B7DB22CA88ED00C20FF4 /* Sources */,
				4158B7DC22CA88ED00C20FF4 /* Frameworks */,
				4158B7DD22CA88ED00C20FF4 /* Resources */,
			);
			buildRules = (
			);
			dependencies = (
			);
			name = 2048;
			productName = 2048;
			productReference = 4158B7DF22CA88ED00C20FF4 /* 2048.app */;
			productType = "com.apple.product-type.application";
		};
		4158B7F222CA88EF00C20FF4 /* 2048Tests */ = {
			isa = PBXNativeTarget;
			buildConfigurationList = 4158B80A22CA88EF00C20FF4 /* Build configuration list for PBXNativeTarget "2048Tests" */;
			buildPhases = (
				4158B7EF22CA88EF00C20FF4 /* Sources */,
				4158B7F022CA88EF00C20FF4 /* Frameworks */,
				4158B7F122CA88EF00C20FF4 /* Resources */,
			);
			buildRules = (
			);
			dependencies = (
				4158B7F522CA88EF00C20FF4 /* PBXTargetDependency */,
			);
			name = 2048Tests;
			productName = 2048Tests;
			productReference = 4158B7F322CA88EF00C20FF4 /* 2048Tests.xctest */;
			productType = "com.apple.product-type.bundle.unit-test";
		};
		4158B7FD22CA88EF00C20FF4 /* 2048UITests */ = {
			isa = PBXNativeTarget;
			buildConfigurationList = 4158B80D22CA88EF00C20FF4 /* Build configuration list for PBXNativeTarget "2048UITests" */;
			buildPhases = (
				4158B7FA22CA88EF00C20FF4 /* Sources */,
				4158B7FB22CA88EF00C20FF4 /* Frameworks */,
				4158B7FC22CA88EF00C20FF4 /* Resources */,
			);
			buildRules = (
			);
			dependencies = (
				4158B80022CA88EF00C20FF4 /* PBXTargetDependency */,
			);
			name = 2048UITests;
			productName = 2048UITests;
			productReference = 4158B7FE22CA88EF00C20FF4 /* 2048UITests.xctest */;
			productType = "com.apple.product-type.bundle.ui-testing";
		};
/* End PBXNativeTarget section */

/* Begin PBXProject section */
		4158B7D722CA88ED00C20FF4 /* Project object */ = {
			isa = PBXProject;
			attributes = {
				LastSwiftUpdateCheck = 1020;
				LastUpgradeCheck = 1020;
				ORGANIZATIONNAME = "Daniel Palacio";
				TargetAttributes = {
					4158B7DE22CA88ED00C20FF4 = {
						CreatedOnToolsVersion = 10.2.1;
					};
					4158B7F222CA88EF00C20FF4 = {
						CreatedOnToolsVersion = 10.2.1;
						TestTargetID = 4158B7DE22CA88ED00C20FF4;
					};
					4158B7FD22CA88EF00C20FF4 = {
						CreatedOnToolsVersion = 10.2.1;
						TestTargetID = 4158B7DE22CA88ED00C20FF4;
					};
				};
			};
			buildConfigurationList = 4158B7DA22CA88ED00C20FF4 /* Build configuration list for PBXProject "2048" */;
			compatibilityVersion = "Xcode 9.3";
			developmentRegion = en;
			hasScannedForEncodings = 0;
			knownRegions = (
				en,
				Base,
			);
			mainGroup = 4158B7D622CA88ED00C20FF4;
			productRefGroup = 4158B7E022CA88ED00C20FF4 /* Products */;
			projectDirPath = "";
			projectRoot = "";
			targets = (
				4158B7DE22CA88ED00C20FF4 /* 2048 */,
				4158B7F222CA88EF00C20FF4 /* 2048Tests */,
				4158B7FD22CA88EF00C20FF4 /* 2048UITests */,
			);
		};
/* End PBXProject section */

/* Begin PBXResourcesBuildPhase section */
		4158B7DD22CA88ED00C20FF4 /* Resources */ = {
			isa = PBXResourcesBuildPhase;
			buildActionMask = 2147483647;
			files = (
				4158B7ED22CA88EF00C20FF4 /* LaunchScreen.storyboard in Resources */,
				4158B7EA22CA88EF00C20FF4 /* Assets.xcassets in Resources */,
				4158B7E822CA88ED00C20FF4 /* Main.storyboard in Resources */,
			);
			runOnlyForDeploymentPostprocessing = 0;
		};
		4158B7F122CA88EF00C20FF4 /* Resources */ = {
			isa = PBXResourcesBuildPhase;
			buildActionMask = 2147483647;
			files = (
			);
			runOnlyForDeploymentPostprocessing = 0;
		};
		4158B7FC22CA88EF00C20FF4 /* Resources */ = {
			isa = PBXResourcesBuildPhase;
			buildActionMask = 2147483647;
			files = (
			);
			runOnlyForDeploymentPostprocessing = 0;
		};
/* End PBXResourcesBuildPhase section */

/* Begin PBXSourcesBuildPhase section */
		4158B7DB22CA88ED00C20FF4 /* Sources */ = {
			isa = PBXSourcesBuildPhase;
			buildActionMask = 2147483647;
			files = (
				4158B7E522CA88ED00C20FF4 /* ViewController.swift in Sources */,
				4158B7E322CA88ED00C20FF4 /* AppDelegate.swift in Sources */,
			);
			runOnlyForDeploymentPostprocessing = 0;
		};
		4158B7EF22CA88EF00C20FF4 /* Sources */ = {
			isa = PBXSourcesBuildPhase;
			buildActionMask = 2147483647;
			files = (
				4158B7F822CA88EF00C20FF4 /* _048Tests.swift in Sources */,
			);
			runOnlyForDeploymentPostprocessing = 0;
		};
		4158B7FA22CA88EF00C20FF4 /* Sources */ = {
			isa = PBXSourcesBuildPhase;
			buildActionMask = 2147483647;
			files = (
				4158B80322CA88EF00C20FF4 /* _048UITests.swift in Sources */,
			);
			runOnlyForDeploymentPostprocessing = 0;
		};
/* End PBXSourcesBuildPhase section */

/* Begin PBXTargetDependency section */
		4158B7F522CA88EF00C20FF4 /* PBXTargetDependency */ = {
			isa = PBXTargetDependency;
			target = 4158B7DE22CA88ED00C20FF4 /* 2048 */;
			targetProxy = 4158B7F422CA88EF00C20FF4 /* PBXContainerItemProxy */;
		};
		4158B80022CA88EF00C20FF4 /* PBXTargetDependency */ = {
			isa = PBXTargetDependency;
			target = 4158B7DE22CA88ED00C20FF4 /* 2048 */;
			targetProxy = 4158B7FF22CA88EF00C20FF4 /* PBXContainerItemProxy */;
		};
/* End PBXTargetDependency section */

/* Begin PBXVariantGroup section */
		4158B7E622CA88ED00C20FF4 /* Main.storyboard */ = {
			isa = PBXVariantGroup;
			children = (
				4158B7E722CA88ED00C20FF4 /* Base */,
			);
			name = Main.storyboard;
			sourceTree = "<group>";
		};
		4158B7EB22CA88EF00C20FF4 /* LaunchScreen.storyboard */ = {
			isa = PBXVariantGroup;
			children = (
				4158B7EC22CA88EF00C20FF4 /* Base */,
			);
			name = LaunchScreen.storyboard;
			sourceTree = "<group>";
		};
/* End PBXVariantGroup section */

/* Begin XCBuildConfiguration section */
		4158B80522CA88EF00C20FF4 /* Debug */ = {
			isa = XCBuildConfiguration;
			buildSettings = {
				ALWAYS_SEARCH_USER_PATHS = NO;
				CLANG_ANALYZER_NONNULL = YES;
				CLANG_ANALYZER_NUMBER_OBJECT_CONVERSION = YES_AGGRESSIVE;
				CLANG_CXX_LANGUAGE_STANDARD = "gnu++14";
				CLANG_CXX_LIBRARY = "libc++";
				CLANG_ENABLE_MODULES = YES;
				CLANG_ENABLE_OBJC_ARC = YES;
				CLANG_ENABLE_OBJC_WEAK = YES;
				CLANG_WARN_BLOCK_CAPTURE_AUTORELEASING = YES;
				CLANG_WARN_BOOL_CONVERSION = YES;
				CLANG_WARN_COMMA = YES;
				CLANG_WARN_CONSTANT_CONVERSION = YES;
				CLANG_WARN_DEPRECATED_OBJC_IMPLEMENTATIONS = YES;
				CLANG_WARN_DIRECT_OBJC_ISA_USAGE = YES_ERROR;
				CLANG_WARN_DOCUMENTATION_COMMENTS = YES;
				CLANG_WARN_EMPTY_BODY = YES;
				CLANG_WARN_ENUM_CONVERSION = YES;
				CLANG_WARN_INFINITE_RECURSION = YES;
				CLANG_WARN_INT_CONVERSION = YES;
				CLANG_WARN_NON_LITERAL_NULL_CONVERSION = YES;
				CLANG_WARN_OBJC_IMPLICIT_RETAIN_SELF = YES;
				CLANG_WARN_OBJC_LITERAL_CONVERSION = YES;
				CLANG_WARN_OBJC_ROOT_CLASS = YES_ERROR;
				CLANG_WARN_RANGE_LOOP_ANALYSIS = YES;
				CLANG_WARN_STRICT_PROTOTYPES = YES;
				CLANG_WARN_SUSPICIOUS_MOVE = YES;
				CLANG_WARN_UNGUARDED_AVAILABILITY = YES_AGGRESSIVE;
				CLANG_WARN_UNREACHABLE_CODE = YES;
				CLANG_WARN__DUPLICATE_METHOD_MATCH = YES;
				CODE_SIGN_IDENTITY = "iPhone Developer";
				COPY_PHASE_STRIP = NO;
				DEBUG_INFORMATION_FORMAT = dwarf;
				ENABLE_STRICT_OBJC_MSGSEND = YES;
				ENABLE_TESTABILITY = YES;
				GCC_C_LANGUAGE_STANDARD = gnu11;
				GCC_DYNAMIC_NO_PIC = NO;
				GCC_NO_COMMON_BLOCKS = YES;
				GCC_OPTIMIZATION_LEVEL = 0;
				GCC_PREPROCESSOR_DEFINITIONS = (
					"DEBUG=1",
					"$(inherited)",
				);
				GCC_WARN_64_TO_32_BIT_CONVERSION = YES;
				GCC_WARN_ABOUT_RETURN_TYPE = YES_ERROR;
				GCC_WARN_UNDECLARED_SELECTOR = YES;
				GCC_WARN_UNINITIALIZED_AUTOS = YES_AGGRESSIVE;
				GCC_WARN_UNUSED_FUNCTION = YES;
				GCC_WARN_UNUSED_VARIABLE = YES;
				IPHONEOS_DEPLOYMENT_TARGET = 12.2;
				MTL_ENABLE_DEBUG_INFO = INCLUDE_SOURCE;
				MTL_FAST_MATH = YES;
				ONLY_ACTIVE_ARCH = YES;
				SDKROOT = iphoneos;
				SWIFT_ACTIVE_COMPILATION_CONDITIONS = DEBUG;
				SWIFT_OPTIMIZATION_LEVEL = "-Onone";
			};
			name = Debug;
		};
		4158B80622CA88EF00C20FF4 /* Release */ = {
			isa = XCBuildConfiguration;
			buildSettings = {
				ALWAYS_SEARCH_USER_PATHS = NO;
				CLANG_ANALYZER_NONNULL = YES;
				CLANG_ANALYZER_NUMBER_OBJECT_CONVERSION = YES_AGGRESSIVE;
				CLANG_CXX_LANGUAGE_STANDARD = "gnu++14";
				CLANG_CXX_LIBRARY = "libc++";
				CLANG_ENABLE_MODULES = YES;
				CLANG_ENABLE_OBJC_ARC = YES;
				CLANG_ENABLE_OBJC_WEAK = YES;
				CLANG_WARN_BLOCK_CAPTURE_AUTORELEASING = YES;
				CLANG_WARN_BOOL_CONVERSION = YES;
				CLANG_WARN_COMMA = YES;
				CLANG_WARN_CONSTANT_CONVERSION = YES;
				CLANG_WARN_DEPRECATED_OBJC_IMPLEMENTATIONS = YES;
				CLANG_WARN_DIRECT_OBJC_ISA_USAGE = YES_ERROR;
				CLANG_WARN_DOCUMENTATION_COMMENTS = YES;
				CLANG_WARN_EMPTY_BODY = YES;
				CLANG_WARN_ENUM_CONVERSION = YES;
				CLANG_WARN_INFINITE_RECURSION = YES;
				CLANG_WARN_INT_CONVERSION = YES;
				CLANG_WARN_NON_LITERAL_NULL_CONVERSION = YES;
				CLANG_WARN_OBJC_IMPLICIT_RETAIN_SELF = YES;
				CLANG_WARN_OBJC_LITERAL_CONVERSION = YES;
				CLANG_WARN_OBJC_ROOT_CLASS = YES_ERROR;
				CLANG_WARN_RANGE_LOOP_ANALYSIS = YES;
				CLANG_WARN_STRICT_PROTOTYPES = YES;
				CLANG_WARN_SUSPICIOUS_MOVE = YES;
				CLANG_WARN_UNGUARDED_AVAILABILITY = YES_AGGRESSIVE;
				CLANG_WARN_UNREACHABLE_CODE = YES;
				CLANG_WARN__DUPLICATE_METHOD_MATCH = YES;
				CODE_SIGN_IDENTITY = "iPhone Developer";
				COPY_PHASE_STRIP = NO;
				DEBUG_INFORMATION_FORMAT = "dwarf-with-dsym";
				ENABLE_NS_ASSERTIONS = NO;
				ENABLE_STRICT_OBJC_MSGSEND = YES;
				GCC_C_LANGUAGE_STANDARD = gnu11;
				GCC_NO_COMMON_BLOCKS = YES;
				GCC_WARN_64_TO_32_BIT_CONVERSION = YES;
				GCC_WARN_ABOUT_RETURN_TYPE = YES_ERROR;
				GCC_WARN_UNDECLARED_SELECTOR = YES;
				GCC_WARN_UNINITIALIZED_AUTOS = YES_AGGRESSIVE;
				GCC_WARN_UNUSED_FUNCTION = YES;
				GCC_WARN_UNUSED_VARIABLE = YES;
				IPHONEOS_DEPLOYMENT_TARGET = 12.2;
				MTL_ENABLE_DEBUG_INFO = NO;
				MTL_FAST_MATH = YES;
				SDKROOT = iphoneos;
				SWIFT_COMPILATION_MODE = wholemodule;
				SWIFT_OPTIMIZATION_LEVEL = "-O";
				VALIDATE_PRODUCT = YES;
			};
			name = Release;
		};
		4158B80822CA88EF00C20FF4 /* Debug */ = {
			isa = XCBuildConfiguration;
			buildSettings = {
				ASSETCATALOG_COMPILER_APPICON_NAME = AppIcon;
				CODE_SIGN_STYLE = Automatic;
				DEVELOPMENT_TEAM = L8L7854ZBS;
				INFOPLIST_FILE = 2048/Info.plist;
				LD_RUNPATH_SEARCH_PATHS = (
					"$(inherited)",
					"@executable_path/Frameworks",
				);
				PRODUCT_BUNDLE_IDENTIFIER = "dpalacio.project.-048";
				PRODUCT_NAME = "$(TARGET_NAME)";
				SWIFT_VERSION = 5.0;
				TARGETED_DEVICE_FAMILY = "1,2";
			};
			name = Debug;
		};
		4158B80922CA88EF00C20FF4 /* Release */ = {
			isa = XCBuildConfiguration;
			buildSettings = {
				ASSETCATALOG_COMPILER_APPICON_NAME = AppIcon;
				CODE_SIGN_STYLE = Automatic;
				DEVELOPMENT_TEAM = L8L7854ZBS;
				INFOPLIST_FILE = 2048/Info.plist;
				LD_RUNPATH_SEARCH_PATHS = (
					"$(inherited)",
					"@executable_path/Frameworks",
				);
				PRODUCT_BUNDLE_IDENTIFIER = "dpalacio.project.-048";
				PRODUCT_NAME = "$(TARGET_NAME)";
				SWIFT_VERSION = 5.0;
				TARGETED_DEVICE_FAMILY = "1,2";
			};
			name = Release;
		};
		4158B80B22CA88EF00C20FF4 /* Debug */ = {
			isa = XCBuildConfiguration;
			buildSettings = {
				ALWAYS_EMBED_SWIFT_STANDARD_LIBRARIES = YES;
				BUNDLE_LOADER = "$(TEST_HOST)";
				CODE_SIGN_STYLE = Automatic;
				DEVELOPMENT_TEAM = L8L7854ZBS;
				INFOPLIST_FILE = 2048Tests/Info.plist;
				LD_RUNPATH_SEARCH_PATHS = (
					"$(inherited)",
					"@executable_path/Frameworks",
					"@loader_path/Frameworks",
				);
				PRODUCT_BUNDLE_IDENTIFIER = "dpalacio.project.-048Tests";
				PRODUCT_NAME = "$(TARGET_NAME)";
				SWIFT_VERSION = 5.0;
				TARGETED_DEVICE_FAMILY = "1,2";
				TEST_HOST = "$(BUILT_PRODUCTS_DIR)/2048.app/2048";
			};
			name = Debug;
		};
		4158B80C22CA88EF00C20FF4 /* Release */ = {
			isa = XCBuildConfiguration;
			buildSettings = {
				ALWAYS_EMBED_SWIFT_STANDARD_LIBRARIES = YES;
				BUNDLE_LOADER = "$(TEST_HOST)";
				CODE_SIGN_STYLE = Automatic;
				DEVELOPMENT_TEAM = L8L7854ZBS;
				INFOPLIST_FILE = 2048Tests/Info.plist;
				LD_RUNPATH_SEARCH_PATHS = (
					"$(inherited)",
					"@executable_path/Frameworks",
					"@loader_path/Frameworks",
				);
				PRODUCT_BUNDLE_IDENTIFIER = "dpalacio.project.-048Tests";
				PRODUCT_NAME = "$(TARGET_NAME)";
				SWIFT_VERSION = 5.0;
				TARGETED_DEVICE_FAMILY = "1,2";
				TEST_HOST = "$(BUILT_PRODUCTS_DIR)/2048.app/2048";
			};
			name = Release;
		};
		4158B80E22CA88EF00C20FF4 /* Debug */ = {
			isa = XCBuildConfiguration;
			buildSettings = {
				ALWAYS_EMBED_SWIFT_STANDARD_LIBRARIES = YES;
				CODE_SIGN_STYLE = Automatic;
				DEVELOPMENT_TEAM = L8L7854ZBS;
				INFOPLIST_FILE = 2048UITests/Info.plist;
				LD_RUNPATH_SEARCH_PATHS = (
					"$(inherited)",
					"@executable_path/Frameworks",
					"@loader_path/Frameworks",
				);
				PRODUCT_BUNDLE_IDENTIFIER = "dpalacio.project.-048UITests";
				PRODUCT_NAME = "$(TARGET_NAME)";
				SWIFT_VERSION = 5.0;
				TARGETED_DEVICE_FAMILY = "1,2";
				TEST_TARGET_NAME = 2048;
			};
			name = Debug;
		};
		4158B80F22CA88EF00C20FF4 /* Release */ = {
			isa = XCBuildConfiguration;
			buildSettings = {
				ALWAYS_EMBED_SWIFT_STANDARD_LIBRARIES = YES;
				CODE_SIGN_STYLE = Automatic;
				DEVELOPMENT_TEAM = L8L7854ZBS;
				INFOPLIST_FILE = 2048UITests/Info.plist;
				LD_RUNPATH_SEARCH_PATHS = (
					"$(inherited)",
					"@executable_path/Frameworks",
					"@loader_path/Frameworks",
				);
				PRODUCT_BUNDLE_IDENTIFIER = "dpalacio.project.-048UITests";
				PRODUCT_NAME = "$(TARGET_NAME)";
				SWIFT_VERSION = 5.0;
				TARGETED_DEVICE_FAMILY = "1,2";
				TEST_TARGET_NAME = 2048;
			};
			name = Release;
		};
/* End XCBuildConfiguration section */

/* Begin XCConfigurationList section */
		4158B7DA22CA88ED00C20FF4 /* Build configuration list for PBXProject "2048" */ = {
			isa = XCConfigurationList;
			buildConfigurations = (
				4158B80522CA88EF00C20FF4 /* Debug */,
				4158B80622CA88EF00C20FF4 /* Release */,
			);
			defaultConfigurationIsVisible = 0;
			defaultConfigurationName = Release;
		};
		4158B80722CA88EF00C20FF4 /* Build configuration list for PBXNativeTarget "2048" */ = {
			isa = XCConfigurationList;
			buildConfigurations = (
				4158B80822CA88EF00C20FF4 /* Debug */,
				4158B80922CA88EF00C20FF4 /* Release */,
			);
			defaultConfigurationIsVisible = 0;
			defaultConfigurationName = Release;
		};
		4158B80A22CA88EF00C20FF4 /* Build configuration list for PBXNativeTarget "2048Tests" */ = {
			isa = XCConfigurationList;
			buildConfigurations = (
				4158B80B22CA88EF00C20FF4 /* Debug */,
				4158B80C22CA88EF00C20FF4 /* Release */,
			);
			defaultConfigurationIsVisible = 0;
			defaultConfigurationName = Release;
		};
		4158B80D22CA88EF00C20FF4 /* Build configuration list for PBXNativeTarget "2048UITests" */ = {
			isa = XCConfigurationList;
			buildConfigurations = (
				4158B80E22CA88EF00C20FF4 /* Debug */,
				4158B80F22CA88EF00C20FF4 /* Release */,
			);
			defaultConfigurationIsVisible = 0;
			defaultConfigurationName = Release;
		};
/* End XCConfigurationList section */
	};
	rootObject = 4158B7D722CA88ED00C20FF4 /* Project object */;
}
